
Microsoft Visual Studio Solution File, Format Version 12.00
Project("{FAE04EC0-301F-11D3-BF4B-00C04F79EFBC}") = "ApiGateway", "ApiGateway\ApiGateway.csproj", "{987CAAEF-C19D-4EDA-ADDA-F65B765DDE14}"
EndProject
Project("{FAE04EC0-301F-11D3-BF4B-00C04F79EFBC}") = "IdentityService", "IdentityService\IdentityService.csproj", "{FF6518A0-B80C-435E-9F8B-104E16CD990E}"
EndProject
Project("{FAE04EC0-301F-11D3-BF4B-00C04F79EFBC}") = "Common", "Common\Common.csproj", "{D5470E34-D898-4F96-993B-9EE68BBF7C41}"
EndProject
Project("{FAE04EC0-301F-11D3-BF4B-00C04F79EFBC}") = "OperationContracts", "OperationContracts\OperationContracts.csproj", "{DE26DC8E-06D1-4FCB-9397-3EE26B9976F6}"
EndProject
Project("{2150E333-8FDC-42A3-9474-1A3956D46DE8}") = "Models", "Models", "{95CB2EAC-5AA2-46BB-81D0-B32EB59E32CE}"
EndProject
Project("{FAE04EC0-301F-11D3-BF4B-00C04F79EFBC}") = "QueryService", "QueryService\QueryService.csproj", "{5E0A68A3-BF24-405B-8226-6337BAA8ECB3}"
EndProject
Project("{FAE04EC0-301F-11D3-BF4B-00C04F79EFBC}") = "CommandService", "CommandService\CommandService.csproj", "{37325116-ED6B-44B5-B47D-1DB2F6C45854}"
EndProject
Project("{FAE04EC0-301F-11D3-BF4B-00C04F79EFBC}") = "CommandHandler", "CommandHandler\CommandHandler.csproj", "{16C1EC9C-6268-4682-9325-F9BF29AECA2F}"
EndProject
Project("{FAE04EC0-301F-11D3-BF4B-00C04F79EFBC}") = "EventsFacade", "EventsFacade\EventsFacade.csproj", "{1E657147-C3CC-4289-A9AE-EAD4662B291B}"
EndProject
Project("{FAE04EC0-301F-11D3-BF4B-00C04F79EFBC}") = "EventStoreMurderer", "EventStoreMurderer\EventStoreMurderer.csproj", "{D9310EF4-92A5-4AFD-BC1B-5165EFF999B4}"
EndProject
Global
	GlobalSection(SolutionConfigurationPlatforms) = preSolution
		Debug|Any CPU = Debug|Any CPU
		Release|Any CPU = Release|Any CPU
	EndGlobalSection
	GlobalSection(ProjectConfigurationPlatforms) = postSolution
		{987CAAEF-C19D-4EDA-ADDA-F65B765DDE14}.Debug|Any CPU.ActiveCfg = Debug|Any CPU
		{987CAAEF-C19D-4EDA-ADDA-F65B765DDE14}.Debug|Any CPU.Build.0 = Debug|Any CPU
		{987CAAEF-C19D-4EDA-ADDA-F65B765DDE14}.Release|Any CPU.ActiveCfg = Release|Any CPU
		{987CAAEF-C19D-4EDA-ADDA-F65B765DDE14}.Release|Any CPU.Build.0 = Release|Any CPU
		{FF6518A0-B80C-435E-9F8B-104E16CD990E}.Debug|Any CPU.ActiveCfg = Debug|Any CPU
		{FF6518A0-B80C-435E-9F8B-104E16CD990E}.Debug|Any CPU.Build.0 = Debug|Any CPU
		{FF6518A0-B80C-435E-9F8B-104E16CD990E}.Release|Any CPU.ActiveCfg = Release|Any CPU
		{FF6518A0-B80C-435E-9F8B-104E16CD990E}.Release|Any CPU.Build.0 = Release|Any CPU
		{D5470E34-D898-4F96-993B-9EE68BBF7C41}.Debug|Any CPU.ActiveCfg = Debug|Any CPU
		{D5470E34-D898-4F96-993B-9EE68BBF7C41}.Debug|Any CPU.Build.0 = Debug|Any CPU
		{D5470E34-D898-4F96-993B-9EE68BBF7C41}.Release|Any CPU.ActiveCfg = Release|Any CPU
		{D5470E34-D898-4F96-993B-9EE68BBF7C41}.Release|Any CPU.Build.0 = Release|Any CPU
		{DE26DC8E-06D1-4FCB-9397-3EE26B9976F6}.Debug|Any CPU.ActiveCfg = Debug|Any CPU
		{DE26DC8E-06D1-4FCB-9397-3EE26B9976F6}.Debug|Any CPU.Build.0 = Debug|Any CPU
		{DE26DC8E-06D1-4FCB-9397-3EE26B9976F6}.Release|Any CPU.ActiveCfg = Release|Any CPU
		{DE26DC8E-06D1-4FCB-9397-3EE26B9976F6}.Release|Any CPU.Build.0 = Release|Any CPU
		{37325116-ED6B-44B5-B47D-1DB2F6C45854}.Debug|Any CPU.ActiveCfg = Debug|Any CPU
		{37325116-ED6B-44B5-B47D-1DB2F6C45854}.Debug|Any CPU.Build.0 = Debug|Any CPU
		{5E0A68A3-BF24-405B-8226-6337BAA8ECB3}.Debug|Any CPU.ActiveCfg = Debug|Any CPU
		{5E0A68A3-BF24-405B-8226-6337BAA8ECB3}.Debug|Any CPU.Build.0 = Debug|Any CPU
		{16C1EC9C-6268-4682-9325-F9BF29AECA2F}.Debug|Any CPU.ActiveCfg = Debug|Any CPU
		{16C1EC9C-6268-4682-9325-F9BF29AECA2F}.Debug|Any CPU.Build.0 = Debug|Any CPU
		{16C1EC9C-6268-4682-9325-F9BF29AECA2F}.Release|Any CPU.ActiveCfg = Release|Any CPU
		{16C1EC9C-6268-4682-9325-F9BF29AECA2F}.Release|Any CPU.Build.0 = Release|Any CPU
		{1E657147-C3CC-4289-A9AE-EAD4662B291B}.Debug|Any CPU.ActiveCfg = Debug|Any CPU
		{1E657147-C3CC-4289-A9AE-EAD4662B291B}.Debug|Any CPU.Build.0 = Debug|Any CPU
		{1E657147-C3CC-4289-A9AE-EAD4662B291B}.Release|Any CPU.ActiveCfg = Release|Any CPU
		{1E657147-C3CC-4289-A9AE-EAD4662B291B}.Release|Any CPU.Build.0 = Release|Any CPU
		{D9310EF4-92A5-4AFD-BC1B-5165EFF999B4}.Debug|Any CPU.ActiveCfg = Debug|Any CPU
		{D9310EF4-92A5-4AFD-BC1B-5165EFF999B4}.Debug|Any CPU.Build.0 = Debug|Any CPU
		{D9310EF4-92A5-4AFD-BC1B-5165EFF999B4}.Release|Any CPU.ActiveCfg = Release|Any CPU
		{D9310EF4-92A5-4AFD-BC1B-5165EFF999B4}.Release|Any CPU.Build.0 = Release|Any CPU
	EndGlobalSection
	GlobalSection(NestedProjects) = preSolution
		{DE26DC8E-06D1-4FCB-9397-3EE26B9976F6} = {95CB2EAC-5AA2-46BB-81D0-B32EB59E32CE}
		{5E0A68A3-BF24-405B-8226-6337BAA8ECB3}.Debug|Any CPU.ActiveCfg = Debug|Any CPU
		{5E0A68A3-BF24-405B-8226-6337BAA8ECB3}.Debug|Any CPU.Build.0 = Debug|Any CPU
		{5E0A68A3-BF24-405B-8226-6337BAA8ECB3}.Release|Any CPU.ActiveCfg = Release|Any CPU
		{5E0A68A3-BF24-405B-8226-6337BAA8ECB3}.Release|Any CPU.Build.0 = Release|Any CPU
		{37325116-ED6B-44B5-B47D-1DB2F6C45854}.Debug|Any CPU.ActiveCfg = Debug|Any CPU
		{37325116-ED6B-44B5-B47D-1DB2F6C45854}.Debug|Any CPU.Build.0 = Debug|Any CPU
		{37325116-ED6B-44B5-B47D-1DB2F6C45854}.Release|Any CPU.ActiveCfg = Release|Any CPU
		{37325116-ED6B-44B5-B47D-1DB2F6C45854}.Release|Any CPU.Build.0 = Release|Any CPU
	EndGlobalSection
EndGlobal
